
Microsoft Visual Studio Solution File, Format Version 12.00
# Visual Studio 15
VisualStudioVersion = 15.0.26430.6
MinimumVisualStudioVersion = 10.0.40219.1
Project("{FAE04EC0-301F-11D3-BF4B-00C04F79EFBC}") = "DotNet.AccelerateBall", "DotNet.AccelerateBall\DotNet.AccelerateBall.csproj", "{5F14A89F-8730-43D2-A7B6-560FB13E5CC3}"
EndProject
Global
	GlobalSection(SolutionConfigurationPlatforms) = preSolution
		Debug|x86 = Debug|x86
		Release|x86 = Release|x86
	EndGlobalSection
	GlobalSection(ProjectConfigurationPlatforms) = postSolution
		{5F14A89F-8730-43D2-A7B6-560FB13E5CC3}.Debug|x86.ActiveCfg = Debug|x86
		{5F14A89F-8730-43D2-A7B6-560FB13E5CC3}.Debug|x86.Build.0 = Debug|x86
		{5F14A89F-8730-43D2-A7B6-560FB13E5CC3}.Release|x86.ActiveCfg = Release|x86
		{5F14A89F-8730-43D2-A7B6-560FB13E5CC3}.Release|x86.Build.0 = Release|x86
	EndGlobalSection
	GlobalSection(SolutionProperties) = preSolution
		HideSolutionNode = FALSE
	EndGlobalSection
EndGlobal
